
Microsoft Visual Studio Solution File, Format Version 12.00
# Visual Studio Version 17
VisualStudioVersion = 17.3.32922.545
MinimumVisualStudioVersion = 10.0.40219.1
Project("{FAE04EC0-301F-11D3-BF4B-00C04F79EFBC}") = "Working_Class_Demo", "Working_Class_Demo\Working_Class_Demo.csproj", "{1DFAAE59-5CCD-498E-9457-4189E16A5486}"
EndProject
Project("{FAE04EC0-301F-11D3-BF4B-00C04F79EFBC}") = "WorkingClassDemoTest", "WorkingClassDemoTest\WorkingClassDemoTest.csproj", "{8010EB1B-ABC1-499F-ABC9-970400074752}"
EndProject
Global
	GlobalSection(SolutionConfigurationPlatforms) = preSolution
		Debug|Any CPU = Debug|Any CPU
		Release|Any CPU = Release|Any CPU
	EndGlobalSection
	GlobalSection(ProjectConfigurationPlatforms) = postSolution
		{1DFAAE59-5CCD-498E-9457-4189E16A5486}.Debug|Any CPU.ActiveCfg = Debug|Any CPU
		{1DFAAE59-5CCD-498E-9457-4189E16A5486}.Debug|Any CPU.Build.0 = Debug|Any CPU
		{1DFAAE59-5CCD-498E-9457-4189E16A5486}.Release|Any CPU.ActiveCfg = Release|Any CPU
		{1DFAAE59-5CCD-498E-9457-4189E16A5486}.Release|Any CPU.Build.0 = Release|Any CPU
		{8010EB1B-ABC1-499F-ABC9-970400074752}.Debug|Any CPU.ActiveCfg = Debug|Any CPU
		{8010EB1B-ABC1-499F-ABC9-970400074752}.Debug|Any CPU.Build.0 = Debug|Any CPU
		{8010EB1B-ABC1-499F-ABC9-970400074752}.Release|Any CPU.ActiveCfg = Release|Any CPU
		{8010EB1B-ABC1-499F-ABC9-970400074752}.Release|Any CPU.Build.0 = Release|Any CPU
	EndGlobalSection
	GlobalSection(SolutionProperties) = preSolution
		HideSolutionNode = FALSE
	EndGlobalSection
	GlobalSection(ExtensibilityGlobals) = postSolution
		SolutionGuid = {831131FA-E813-47AD-BEA9-CE792BC70898}
	EndGlobalSection
EndGlobal
